
Microsoft Visual Studio Solution File, Format Version 12.00
# Visual Studio Version 17
VisualStudioVersion = 17.9.34723.18
MinimumVisualStudioVersion = 10.0.40219.1
Project("{FAE04EC0-301F-11D3-BF4B-00C04F79EFBC}") = "ServiceGeolocationWPOSS", "ServiceGeolocationWPOSS\ServiceGeolocationWPOSS.csproj", "{E2E0DAA8-AC30-4275-BB14-1616E4114D39}"
EndProject
Global
	GlobalSection(SolutionConfigurationPlatforms) = preSolution
		Debug|Any CPU = Debug|Any CPU
		Release|Any CPU = Release|Any CPU
	EndGlobalSection
	GlobalSection(ProjectConfigurationPlatforms) = postSolution
		{E2E0DAA8-AC30-4275-BB14-1616E4114D39}.Debug|Any CPU.ActiveCfg = Debug|Any CPU
		{E2E0DAA8-AC30-4275-BB14-1616E4114D39}.Debug|Any CPU.Build.0 = Debug|Any CPU
		{E2E0DAA8-AC30-4275-BB14-1616E4114D39}.Release|Any CPU.ActiveCfg = Release|Any CPU
		{E2E0DAA8-AC30-4275-BB14-1616E4114D39}.Release|Any CPU.Build.0 = Release|Any CPU
	EndGlobalSection
	GlobalSection(SolutionProperties) = preSolution
		HideSolutionNode = FALSE
	EndGlobalSection
	GlobalSection(ExtensibilityGlobals) = postSolution
		SolutionGuid = {2AB4D14E-0334-4D1B-AB34-EEB16B888244}
	EndGlobalSection
EndGlobal
